// !$*UTF8*$!
{
	archiveVersion = 1;
	classes = {
	};
	objectVersion = 46;
	objects = {

/* Begin PBXBuildFile section */
		305D30B21D53A52A00F4FCE1 /* AppDelegate.swift in Sources */ = {isa = PBXBuildFile; fileRef = 305D30B11D53A52A00F4FCE1 /* AppDelegate.swift */; };
		305D30B41D53A52A00F4FCE1 /* ViewController.swift in Sources */ = {isa = PBXBuildFile; fileRef = 305D30B31D53A52A00F4FCE1 /* ViewController.swift */; };
		305D30B71D53A52A00F4FCE1 /* Main.storyboard in Resources */ = {isa = PBXBuildFile; fileRef = 305D30B51D53A52A00F4FCE1 /* Main.storyboard */; };
		305D30B91D53A52A00F4FCE1 /* Assets.xcassets in Resources */ = {isa = PBXBuildFile; fileRef = 305D30B81D53A52A00F4FCE1 /* Assets.xcassets */; };
		305D30BC1D53A52A00F4FCE1 /* LaunchScreen.storyboard in Resources */ = {isa = PBXBuildFile; fileRef = 305D30BA1D53A52A00F4FCE1 /* LaunchScreen.storyboard */; };
/* End PBXBuildFile section */

/* Begin PBXFileReference section */
		305D30AE1D53A52A00F4FCE1 /* mimicgame.app */ = {isa = PBXFileReference; explicitFileType = wrapper.application; includeInIndex = 0; path = mimicgame.app; sourceTree = BUILT_PRODUCTS_DIR; };
		305D30B11D53A52A00F4FCE1 /* AppDelegate.swift */ = {isa = PBXFileReference; lastKnownFileType = sourcecode.swift; path = AppDelegate.swift; sourceTree = "<group>"; };
		305D30B31D53A52A00F4FCE1 /* ViewController.swift */ = {isa = PBXFileReference; lastKnownFileType = sourcecode.swift; path = ViewController.swift; sourceTree = "<group>"; };
		305D30B61D53A52A00F4FCE1 /* Base */ = {isa = PBXFileReference; lastKnownFileType = file.storyboard; name = Base; path = Base.lproj/Main.storyboard; sourceTree = "<group>"; };
		305D30B81D53A52A00F4FCE1 /* Assets.xcassets */ = {isa = PBXFileReference; lastKnownFileType = folder.assetcatalog; path = Assets.xcassets; sourceTree = "<group>"; };
		305D30BB1D53A52A00F4FCE1 /* Base */ = {isa = PBXFileReference; lastKnownFileType = file.storyboard; name = Base; path = Base.lproj/LaunchScreen.storyboard; sourceTree = "<group>"; };
		305D30BD1D53A52A00F4FCE1 /* Info.plist */ = {isa = PBXFileReference; lastKnownFileType = text.plist.xml; path = Info.plist; sourceTree = "<group>"; };
/* End PBXFileReference section */

/* Begin PBXFrameworksBuildPhase section */
		305D30AB1D53A52A00F4FCE1 /* Frameworks */ = {
			isa = PBXFrameworksBuildPhase;
			buildActionMask = 2147483647;
			files = (
			);
			runOnlyForDeploymentPostprocessing = 0;
		};
/* End PBXFrameworksBuildPhase section */

/* Begin PBXGroup section */
		305D30A51D53A52900F4FCE1 = {
			isa = PBXGroup;
			children = (
				305D30B01D53A52A00F4FCE1 /* mimicgame */,
				305D30AF1D53A52A00F4FCE1 /* Products */,
			);
			sourceTree = "<group>";
		};
		305D30AF1D53A52A00F4FCE1 /* Products */ = {
			isa = PBXGroup;
			children = (
				305D30AE1D53A52A00F4FCE1 /* mimicgame.app */,
			);
			name = Products;
			sourceTree = "<group>";
		};
		305D30B01D53A52A00F4FCE1 /* mimicgame */ = {
			isa = PBXGroup;
			children = (
				305D30B11D53A52A00F4FCE1 /* AppDelegate.swift */,
				305D30B31D53A52A00F4FCE1 /* ViewController.swift */,
				305D30B51D53A52A00F4FCE1 /* Main.storyboard */,
				305D30B81D53A52A00F4FCE1 /* Assets.xcassets */,
				305D30BA1D53A52A00F4FCE1 /* LaunchScreen.storyboard */,
				305D30BD1D53A52A00F4FCE1 /* Info.plist */,
			);
			path = mimicgame;
			sourceTree = "<group>";
		};
/* End PBXGroup section */

/* Begin PBXNativeTarget section */
		305D30AD1D53A52A00F4FCE1 /* mimicgame */ = {
			isa = PBXNativeTarget;
			buildConfigurationList = 305D30C01D53A52A00F4FCE1 /* Build configuration list for PBXNativeTarget "mimicgame" */;
			buildPhases = (
				305D30AA1D53A52A00F4FCE1 /* Sources */,
				305D30AB1D53A52A00F4FCE1 /* Frameworks */,
				305D30AC1D53A52A00F4FCE1 /* Resources */,
			);
			buildRules = (
			);
			dependencies = (
			);
			name = mimicgame;
			productName = mimicgame;
			productReference = 305D30AE1D53A52A00F4FCE1 /* mimicgame.app */;
			productType = "com.apple.product-type.application";
		};
/* End PBXNativeTarget section */

/* Begin PBXProject section */
		305D30A61D53A52900F4FCE1 /* Project object */ = {
			isa = PBXProject;
			attributes = {
				LastSwiftUpdateCheck = 0730;
				LastUpgradeCheck = 0730;
				ORGANIZATIONNAME = "Tora Cross";
				TargetAttributes = {
					305D30AD1D53A52A00F4FCE1 = {
						CreatedOnToolsVersion = 7.3.1;
					};
				};
			};
			buildConfigurationList = 305D30A91D53A52900F4FCE1 /* Build configuration list for PBXProject "mimicgame" */;
			compatibilityVersion = "Xcode 3.2";
			developmentRegion = English;
			hasScannedForEncodings = 0;
			knownRegions = (
				en,
				Base,
			);
			mainGroup = 305D30A51D53A52900F4FCE1;
			productRefGroup = 305D30AF1D53A52A00F4FCE1 /* Products */;
			projectDirPath = "";
			projectRoot = "";
			targets = (
				305D30AD1D53A52A00F4FCE1 /* mimicgame */,
			);
		};
/* End PBXProject section */

/* Begin PBXResourcesBuildPhase section */
		305D30AC1D53A52A00F4FCE1 /* Resources */ = {
			isa = PBXResourcesBuildPhase;
			buildActionMask = 2147483647;
			files = (
				305D30BC1D53A52A00F4FCE1 /* LaunchScreen.storyboard in Resources */,
				305D30B91D53A52A00F4FCE1 /* Assets.xcassets in Resources */,
				305D30B71D53A52A00F4FCE1 /* Main.storyboard in Resources */,
			);
			runOnlyForDeploymentPostprocessing = 0;
		};
/* End PBXResourcesBuildPhase section */

/* Begin PBXSourcesBuildPhase section */
		305D30AA1D53A52A00F4FCE1 /* Sources */ = {
			isa = PBXSourcesBuildPhase;
			buildActionMask = 2147483647;
			files = (
				305D30B41D53A52A00F4FCE1 /* ViewController.swift in Sources */,
				305D30B21D53A52A00F4FCE1 /* AppDelegate.swift in Sources */,
			);
			runOnlyForDeploymentPostprocessing = 0;
		};
/* End PBXSourcesBuildPhase section */

/* Begin PBXVariantGroup section */
		305D30B51D53A52A00F4FCE1 /* Main.storyboard */ = {
			isa = PBXVariantGroup;
			children = (
				305D30B61D53A52A00F4FCE1 /* Base */,
			);
			name = Main.storyboard;
			sourceTree = "<group>";
		};
		305D30BA1D53A52A00F4FCE1 /* LaunchScreen.storyboard */ = {
			isa = PBXVariantGroup;
			children = (
				305D30BB1D53A52A00F4FCE1 /* Base */,
			);
			name = LaunchScreen.storyboard;
			sourceTree = "<group>";
		};
/* End PBXVariantGroup section */

/* Begin XCBuildConfiguration section */
		305D30BE1D53A52A00F4FCE1 /* Debug */ = {
			isa = XCBuildConfiguration;
			buildSettings = {
				ALWAYS_SEARCH_USER_PATHS = NO;
				CLANG_ANALYZER_NONNULL = YES;
				CLANG_CXX_LANGUAGE_STANDARD = "gnu++0x";
				CLANG_CXX_LIBRARY = "libc++";
				CLANG_ENABLE_MODULES = YES;
				CLANG_ENABLE_OBJC_ARC = YES;
				CLANG_WARN_BOOL_CONVERSION = YES;
				CLANG_WARN_CONSTANT_CONVERSION = YES;
				CLANG_WARN_DIRECT_OBJC_ISA_USAGE = YES_ERROR;
				CLANG_WARN_EMPTY_BODY = YES;
				CLANG_WARN_ENUM_CONVERSION = YES;
				CLANG_WARN_INT_CONVERSION = YES;
				CLANG_WARN_OBJC_ROOT_CLASS = YES_ERROR;
				CLANG_WARN_UNREACHABLE_CODE = YES;
				CLANG_WARN__DUPLICATE_METHOD_MATCH = YES;
				"CODE_SIGN_IDENTITY[sdk=iphoneos*]" = "iPhone Developer";
				COPY_PHASE_STRIP = NO;
				DEBUG_INFORMATION_FORMAT = dwarf;
				ENABLE_STRICT_OBJC_MSGSEND = YES;
				ENABLE_TESTABILITY = YES;
				GCC_C_LANGUAGE_STANDARD = gnu99;
				GCC_DYNAMIC_NO_PIC = NO;
				GCC_NO_COMMON_BLOCKS = YES;
				GCC_OPTIMIZATION_LEVEL = 0;
				GCC_PREPROCESSOR_DEFINITIONS = (
					"DEBUG=1",
					"$(inherited)",
				);
				GCC_WARN_64_TO_32_BIT_CONVERSION = YES;
				GCC_WARN_ABOUT_RETURN_TYPE = YES_ERROR;
				GCC_WARN_UNDECLARED_SELECTOR = YES;
				GCC_WARN_UNINITIALIZED_AUTOS = YES_AGGRESSIVE;
				GCC_WARN_UNUSED_FUNCTION = YES;
				GCC_WARN_UNUSED_VARIABLE = YES;
				IPHONEOS_DEPLOYMENT_TARGET = 9.3;
				MTL_ENABLE_DEBUG_INFO = YES;
				ONLY_ACTIVE_ARCH = YES;
				SDKROOT = iphoneos;
				SWIFT_OPTIMIZATION_LEVEL = "-Onone";
			};
			name = Debug;
		};
		305D30BF1D53A52A00F4FCE1 /* Release */ = {
			isa = XCBuildConfiguration;
			buildSettings = {
				ALWAYS_SEARCH_USER_PATHS = NO;
				CLANG_ANALYZER_NONNULL = YES;
				CLANG_CXX_LANGUAGE_STANDARD = "gnu++0x";
				CLANG_CXX_LIBRARY = "libc++";
				CLANG_ENABLE_MODULES = YES;
				CLANG_ENABLE_OBJC_ARC = YES;
				CLANG_WARN_BOOL_CONVERSION = YES;
				CLANG_WARN_CONSTANT_CONVERSION = YES;
				CLANG_WARN_DIRECT_OBJC_ISA_USAGE = YES_ERROR;
				CLANG_WARN_EMPTY_BODY = YES;
				CLANG_WARN_ENUM_CONVERSION = YES;
				CLANG_WARN_INT_CONVERSION = YES;
				CLANG_WARN_OBJC_ROOT_CLASS = YES_ERROR;
				CLANG_WARN_UNREACHABLE_CODE = YES;
				CLANG_WARN__DUPLICATE_METHOD_MATCH = YES;
				"CODE_SIGN_IDENTITY[sdk=iphoneos*]" = "iPhone Developer";
				COPY_PHASE_STRIP = NO;
				DEBUG_INFORMATION_FORMAT = "dwarf-with-dsym";
				ENABLE_NS_ASSERTIONS = NO;
				ENABLE_STRICT_OBJC_MSGSEND = YES;
				GCC_C_LANGUAGE_STANDARD = gnu99;
				GCC_NO_COMMON_BLOCKS = YES;
				GCC_WARN_64_TO_32_BIT_CONVERSION = YES;
				GCC_WARN_ABOUT_RETURN_TYPE = YES_ERROR;
				GCC_WARN_UNDECLARED_SELECTOR = YES;
				GCC_WARN_UNINITIALIZED_AUTOS = YES_AGGRESSIVE;
				GCC_WARN_UNUSED_FUNCTION = YES;
				GCC_WARN_UNUSED_VARIABLE = YES;
				IPHONEOS_DEPLOYMENT_TARGET = 9.3;
				MTL_ENABLE_DEBUG_INFO = NO;
				SDKROOT = iphoneos;
				VALIDATE_PRODUCT = YES;
			};
			name = Release;
		};
		305D30C11D53A52A00F4FCE1 /* Debug */ = {
			isa = XCBuildConfiguration;
			buildSettings = {
				ASSETCATALOG_COMPILER_APPICON_NAME = AppIcon;
				INFOPLIST_FILE = mimicgame/Info.plist;
				LD_RUNPATH_SEARCH_PATHS = "$(inherited) @executable_path/Frameworks";
				PRODUCT_BUNDLE_IDENTIFIER = com.toracross.mimicgame;
				PRODUCT_NAME = "$(TARGET_NAME)";
			};
			name = Debug;
		};
		305D30C21D53A52A00F4FCE1 /* Release */ = {
			isa = XCBuildConfiguration;
			buildSettings = {
				ASSETCATALOG_COMPILER_APPICON_NAME = AppIcon;
				INFOPLIST_FILE = mimicgame/Info.plist;
				LD_RUNPATH_SEARCH_PATHS = "$(inherited) @executable_path/Frameworks";
				PRODUCT_BUNDLE_IDENTIFIER = com.toracross.mimicgame;
				PRODUCT_NAME = "$(TARGET_NAME)";
			};
			name = Release;
		};
/* End XCBuildConfiguration section */

/* Begin XCConfigurationList section */
		305D30A91D53A52900F4FCE1 /* Build configuration list for PBXProject "mimicgame" */ = {
			isa = XCConfigurationList;
			buildConfigurations = (
				305D30BE1D53A52A00F4FCE1 /* Debug */,
				305D30BF1D53A52A00F4FCE1 /* Release */,
			);
			defaultConfigurationIsVisible = 0;
			defaultConfigurationName = Release;
		};
		305D30C01D53A52A00F4FCE1 /* Build configuration list for PBXNativeTarget "mimicgame" */ = {
			isa = XCConfigurationList;
			buildConfigurations = (
				305D30C11D53A52A00F4FCE1 /* Debug */,
				305D30C21D53A52A00F4FCE1 /* Release */,
			);
			defaultConfigurationIsVisible = 0;
		};
/* End XCConfigurationList section */
	};
	rootObject = 305D30A61D53A52900F4FCE1 /* Project object */;
}
